<Project xmlns="http://schemas.microsoft.com/developer/msbuild/2003">
  <PropertyGroup>
    <ProjectGuid>{86a0f0e3-3849-4f60-8f60-6725e5338b46}</ProjectGuid>
    <Configuration Condition=" '$(Configuration)' == '' ">Debug</Configuration>
    <Platform Condition=" '$(Platform)' == '' ">AnyCPU</Platform>
    <DCC_DCCCompiler>DCC32</DCC_DCCCompiler>
    <DCC_DependencyCheckOutputName>Project7.exe</DCC_DependencyCheckOutputName>
    <MainSource>Project7.dpr</MainSource>
  </PropertyGroup>
  <PropertyGroup Condition=" '$(Configuration)|$(Platform)' == 'Release|AnyCPU' ">
    <Version>7.0</Version>
    <DCC_DebugInformation>False</DCC_DebugInformation>
    <DCC_LocalDebugSymbols>False</DCC_LocalDebugSymbols>
    <DCC_SymbolReferenceInfo>0</DCC_SymbolReferenceInfo>
    <DCC_Define>RELEASE</DCC_Define>
  </PropertyGroup>
  <PropertyGroup Condition=" '$(Configuration)|$(Platform)' == 'Debug|AnyCPU' ">
    <Version>7.0</Version>
    <DCC_Define>DEBUG</DCC_Define>
  </PropertyGroup>
  <ProjectExtensions>
    <Borland.Personality>Delphi.Personality</Borland.Personality>
    <Borland.ProjectType />
    <BorlandProject>
<BorlandProject><Delphi.Personality><Parameters><Parameters Name="UseLauncher">False</Parameters><Parameters Name="LoadAllSymbols">True</Parameters><Parameters Name="LoadUnspecifiedSymbols">False</Parameters></Parameters><VersionInfo><VersionInfo Name="IncludeVerInfo">False</VersionInfo><VersionInfo Name="AutoIncBuild">False</VersionInfo><VersionInfo Name="MajorVer">1</VersionInfo><VersionInfo Name="MinorVer">0</VersionInfo><VersionInfo Name="Release">0</VersionInfo><VersionInfo Name="Build">0</VersionInfo><VersionInfo Name="Debug">False</VersionInfo><VersionInfo Name="PreRelease">False</VersionInfo><VersionInfo Name="Special">False</VersionInfo><VersionInfo Name="Private">False</VersionInfo><VersionInfo Name="DLL">False</VersionInfo><VersionInfo Name="Locale">1046</VersionInfo><VersionInfo Name="CodePage">1252</VersionInfo></VersionInfo><VersionInfoKeys><VersionInfoKeys Name="CompanyName"></VersionInfoKeys><VersionInfoKeys Name="FileDescription"></VersionInfoKeys><VersionInfoKeys Name="FileVersion">1.0.0.0</VersionInfoKeys><VersionInfoKeys Name="InternalName"></VersionInfoKeys><VersionInfoKeys Name="LegalCopyright"></VersionInfoKeys><VersionInfoKeys Name="LegalTrademarks"></VersionInfoKeys><VersionInfoKeys Name="OriginalFilename"></VersionInfoKeys><VersionInfoKeys Name="ProductName"></VersionInfoKeys><VersionInfoKeys Name="ProductVersion">1.0.0.0</VersionInfoKeys><VersionInfoKeys Name="Comments"></VersionInfoKeys></VersionInfoKeys><Source><Source Name="MainSource">Project7.dpr</Source></Source></Delphi.Personality></BorlandProject></BorlandProject>
  </ProjectExtensions>
  <Import Project="$(MSBuildBinPath)\Borland.Delphi.Targets" />
  <ItemGroup>
    <DelphiCompile Include="Project7.dpr">
      <MainSource>MainSource</MainSource>
    </DelphiCompile>
    <DCCReference Include="..\exercicio7.pas">
      <Form>Form1</Form>
    </DCCReference>
    <DCCReference Include="..\Exercicios\exercicio7.pas">
      <Form>Form1</Form>
    </DCCReference>
    <DCCReference Include="..\Exercicios_Lista\exercicio7.pas">
      <Form>Form1</Form>
    </DCCReference>
    <DCCReference Include="..\Exercicios_Lista_01\exercicio7.pas">
      <Form>Form1</Form>
    </DCCReference>
    <DCCReference Include="..\Exercicios_Lista_0\exercicio7.pas">
      <Form>Form1</Form>
    </DCCReference>
    <DCCReference Include="..\Exercicios_Lista_\exercicio7.pas">
      <Form>Form1</Form>
    </DCCReference>
    <DCCReference Include="..\Exercicios_List\exercicio7.pas">
      <Form>Form1</Form>
    </DCCReference>
    <DCCReference Include="..\Exercicios_Lis\exercicio7.pas">
      <Form>Form1</Form>
    </DCCReference>
    <DCCReference Include="..\Exercicios_Li\exercicio7.pas">
      <Form>Form1</Form>
    </DCCReference>
    <DCCReference Include="..\Exercicios_L\exercicio7.pas">
      <Form>Form1</Form>
    </DCCReference>
    <DCCReference Include="..\Exercicios_\exercicio7.pas">
      <Form>Form1</Form>
    </DCCReference>
    <DCCReference Include="..\Exercicio\exercicio7.pas">
      <Form>Form1</Form>
    </DCCReference>
    <DCCReference Include="..\Exercici\exercicio7.pas">
      <Form>Form1</Form>
    </DCCReference>
    <DCCReference Include="..\Exercic\exercicio7.pas">
      <Form>Form1</Form>
    </DCCReference>
    <DCCReference Include="..\Exerci\exercicio7.pas">
      <Form>Form1</Form>
    </DCCReference>
    <DCCReference Include="..\Exerc\exercicio7.pas">
      <Form>Form1</Form>
    </DCCReference>
    <DCCReference Include="..\Exer\exercicio7.pas">
      <Form>Form1</Form>
    </DCCReference>
    <DCCReference Include="..\Exe\exercicio7.pas">
      <Form>Form1</Form>
    </DCCReference>
    <DCCReference Include="..\Ex\exercicio7.pas">
      <Form>Form1</Form>
    </DCCReference>
    <DCCReference Include="..\E\exercicio7.pas">
      <Form>Form1</Form>
    </DCCReference>
  </ItemGroup>
</Project>